# THIS IS AN AUTOGENERATED FILE. DO NOT EDIT THIS FILE DIRECTLY.
# yarn lockfile v1


"@types/stylis@^4.2.2":
  version "4.2.2"
  resolved "https://registry.yarnpkg.com/@types/stylis/-/stylis-4.2.2.tgz#baabb6b3aa6787e90a6bd6cd75cd8fb9a4f256a3"
  integrity sha512-Rm17MsTpQQP5Jq4BF7CdrxJsDufoiL/q5IbJZYZmOZAJALyijgF7BzLgobXUqraNcQdqFYLYGeglDp6QzaxPpg==

stylis@^4.3.0:
  version "4.3.0"
  resolved "https://registry.yarnpkg.com/stylis/-/stylis-4.3.0.tgz#abe305a669fc3d8777e10eefcfc73ad861c5588c"
  integrity sha512-E87pIogpwUsUwXw7dNyU4QDjdgVMy52m+XEOPEKUn161cCzWjjhPSQhByfd1CcNvrOLnXQ6OnnZDwnJrz/Z4YQ==
