{
  "version": "v1",
  "packages": {
    "wy-react-helper": {
      "signature": "6716053d58d85da8367bd7a5c7cce8c3",
      "file": true,
      "replaced": "^0.1.0"
    },
    "wy-helper": {
      "signature": "0a49e518d3c90d78f6b1e1b36cf0431c",
      "file": true,
      "replaced": "^0.1.2"
    },
    "wy-dom-helper": {
      "signature": "9c1607c1c482748bb3fd51036e1e854c",
      "file": true,
      "replaced": "^0.1.2"
    }
  }
}