{
  "version": "v1",
  "packages": {
    "wy-react-helper": {
      "signature": "85b478a1654cb811bebc704316b85833",
      "file": true,
      "replaced": "^0.1.0"
    },
    "wy-helper": {
      "signature": "75f34517970270445aa568788744ce5d",
      "file": true,
      "replaced": "^0.1.2"
    },
    "wy-dom-helper": {
      "signature": "cf6743029128f1d0da7c8760edfa386c",
      "file": true,
      "replaced": "^0.1.2"
    }
  }
}